// !$*UTF8*$!
{
	archiveVersion = 1;
	classes = {
	};
	objectVersion = 50;
	objects = {

/* Begin PBXBuildFile section */
		3CD711B2276955870013099E /* ContentView.swift in Sources */ = {isa = PBXBuildFile; fileRef = 3CD711B1276955870013099E /* ContentView.swift */; };
		3CD711B4276955920013099E /* Assets.xcassets in Resources */ = {isa = PBXBuildFile; fileRef = 3CD711B3276955920013099E /* Assets.xcassets */; };
		3CD711B7276955920013099E /* Preview Assets.xcassets in Resources */ = {isa = PBXBuildFile; fileRef = 3CD711B6276955920013099E /* Preview Assets.xcassets */; };
		3CD711C227695C750013099E /* LaunchScreen.storyboard in Resources */ = {isa = PBXBuildFile; fileRef = 3CD711C127695C750013099E /* LaunchScreen.storyboard */; };
		3CD711CB276961DC0013099E /* Extensions.swift in Sources */ = {isa = PBXBuildFile; fileRef = 3CD711CA276961DC0013099E /* Extensions.swift */; };
		3CD711CF276962DA0013099E /* FeedView.swift in Sources */ = {isa = PBXBuildFile; fileRef = 3CD711CE276962DA0013099E /* FeedView.swift */; };
		3CD711D3276963C10013099E /* PostView.swift in Sources */ = {isa = PBXBuildFile; fileRef = 3CD711D2276963C10013099E /* PostView.swift */; };
		3CD71213276AA8B00013099E /* InstagramSwiftUIApp.swift in Sources */ = {isa = PBXBuildFile; fileRef = 3CD71212276AA8B00013099E /* InstagramSwiftUIApp.swift */; };
		3CD71220276AAFB30013099E /* PostModel.swift in Sources */ = {isa = PBXBuildFile; fileRef = 3CD7121F276AAFB30013099E /* PostModel.swift */; };
		3CD71225276ABFDD0013099E /* PostArrayObject.swift in Sources */ = {isa = PBXBuildFile; fileRef = 3CD71224276ABFDD0013099E /* PostArrayObject.swift */; };
		3CD71228276C1BE20013099E /* CommentsView.swift in Sources */ = {isa = PBXBuildFile; fileRef = 3CD71227276C1BE10013099E /* CommentsView.swift */; };
		3CD7122F276C23D50013099E /* MessageView.swift in Sources */ = {isa = PBXBuildFile; fileRef = 3CD7122E276C23D50013099E /* MessageView.swift */; };
		3CD71232276C25BE0013099E /* CommentModel.swift in Sources */ = {isa = PBXBuildFile; fileRef = 3CD71231276C25BE0013099E /* CommentModel.swift */; };
		3CD71235276C2F4A0013099E /* BrowseView.swift in Sources */ = {isa = PBXBuildFile; fileRef = 3CD71234276C2F4A0013099E /* BrowseView.swift */; };
		3CD71239276C30430013099E /* CarouselView.swift in Sources */ = {isa = PBXBuildFile; fileRef = 3CD71238276C30430013099E /* CarouselView.swift */; };
		3CD7123D276DB76F0013099E /* ImageGridView.swift in Sources */ = {isa = PBXBuildFile; fileRef = 3CD7123C276DB76F0013099E /* ImageGridView.swift */; };
		3CD71241276DC6760013099E /* UploadView.swift in Sources */ = {isa = PBXBuildFile; fileRef = 3CD71240276DC6740013099E /* UploadView.swift */; };
		3CD71244276DCD020013099E /* ImagePicker.swift in Sources */ = {isa = PBXBuildFile; fileRef = 3CD71243276DCD020013099E /* ImagePicker.swift */; };
		3CD71247276DEF6D0013099E /* PostImageView.swift in Sources */ = {isa = PBXBuildFile; fileRef = 3CD71246276DEF6C0013099E /* PostImageView.swift */; };
		3CD7124A276E870F0013099E /* ProfileView.swift in Sources */ = {isa = PBXBuildFile; fileRef = 3CD71249276E870F0013099E /* ProfileView.swift */; };
		3CD7124D276E881D0013099E /* ProfileHeaderView.swift in Sources */ = {isa = PBXBuildFile; fileRef = 3CD7124C276E881D0013099E /* ProfileHeaderView.swift */; };
		3CD71250276E9ACA0013099E /* SettingsView.swift in Sources */ = {isa = PBXBuildFile; fileRef = 3CD7124F276E9ACA0013099E /* SettingsView.swift */; };
		3CD71253276E9CC00013099E /* SettingsLabelIView.swift in Sources */ = {isa = PBXBuildFile; fileRef = 3CD71252276E9CC00013099E /* SettingsLabelIView.swift */; };
		3CD71256276E9FE00013099E /* SettingsRowView.swift in Sources */ = {isa = PBXBuildFile; fileRef = 3CD71255276E9FE00013099E /* SettingsRowView.swift */; };
		3CD71259276EB7610013099E /* SettingEditTextView.swift in Sources */ = {isa = PBXBuildFile; fileRef = 3CD71258276EB7610013099E /* SettingEditTextView.swift */; };
		3CD7125C276F1E710013099E /* SettingsEditImageView.swift in Sources */ = {isa = PBXBuildFile; fileRef = 3CD7125B276F1E710013099E /* SettingsEditImageView.swift */; };
		3CD7125F276F2CCE0013099E /* SignUpView.swift in Sources */ = {isa = PBXBuildFile; fileRef = 3CD7125E276F2CCD0013099E /* SignUpView.swift */; };
		3CD71262276F38240013099E /* OnboardingView.swift in Sources */ = {isa = PBXBuildFile; fileRef = 3CD71261276F38230013099E /* OnboardingView.swift */; };
		3CD71265276F3BA60013099E /* SignInWithAppleButtonCustom.swift in Sources */ = {isa = PBXBuildFile; fileRef = 3CD71264276F3BA60013099E /* SignInWithAppleButtonCustom.swift */; };
		3CD71269277122490013099E /* OnboardingViewPart2.swift in Sources */ = {isa = PBXBuildFile; fileRef = 3CD71268277122480013099E /* OnboardingViewPart2.swift */; };
/* End PBXBuildFile section */

/* Begin PBXFileReference section */
		3CD711AC276955870013099E /* InstagramSwiftUI.app */ = {isa = PBXFileReference; explicitFileType = wrapper.application; includeInIndex = 0; path = InstagramSwiftUI.app; sourceTree = BUILT_PRODUCTS_DIR; };
		3CD711B1276955870013099E /* ContentView.swift */ = {isa = PBXFileReference; lastKnownFileType = sourcecode.swift; path = ContentView.swift; sourceTree = "<group>"; };
		3CD711B3276955920013099E /* Assets.xcassets */ = {isa = PBXFileReference; lastKnownFileType = folder.assetcatalog; path = Assets.xcassets; sourceTree = "<group>"; };
		3CD711B6276955920013099E /* Preview Assets.xcassets */ = {isa = PBXFileReference; lastKnownFileType = folder.assetcatalog; path = "Preview Assets.xcassets"; sourceTree = "<group>"; };
		3CD711B8276955920013099E /* Info.plist */ = {isa = PBXFileReference; lastKnownFileType = text.plist.xml; path = Info.plist; sourceTree = "<group>"; };
		3CD711C127695C750013099E /* LaunchScreen.storyboard */ = {isa = PBXFileReference; lastKnownFileType = file.storyboard; path = LaunchScreen.storyboard; sourceTree = "<group>"; };
		3CD711CA276961DC0013099E /* Extensions.swift */ = {isa = PBXFileReference; lastKnownFileType = sourcecode.swift; path = Extensions.swift; sourceTree = "<group>"; };
		3CD711CE276962DA0013099E /* FeedView.swift */ = {isa = PBXFileReference; lastKnownFileType = sourcecode.swift; path = FeedView.swift; sourceTree = "<group>"; };
		3CD711D2276963C10013099E /* PostView.swift */ = {isa = PBXFileReference; lastKnownFileType = sourcecode.swift; path = PostView.swift; sourceTree = "<group>"; };
		3CD71212276AA8B00013099E /* InstagramSwiftUIApp.swift */ = {isa = PBXFileReference; fileEncoding = 4; lastKnownFileType = sourcecode.swift; path = InstagramSwiftUIApp.swift; sourceTree = "<group>"; };
		3CD7121F276AAFB30013099E /* PostModel.swift */ = {isa = PBXFileReference; lastKnownFileType = sourcecode.swift; path = PostModel.swift; sourceTree = "<group>"; };
		3CD71224276ABFDD0013099E /* PostArrayObject.swift */ = {isa = PBXFileReference; lastKnownFileType = sourcecode.swift; path = PostArrayObject.swift; sourceTree = "<group>"; };
		3CD71227276C1BE10013099E /* CommentsView.swift */ = {isa = PBXFileReference; lastKnownFileType = sourcecode.swift; path = CommentsView.swift; sourceTree = "<group>"; };
		3CD7122E276C23D50013099E /* MessageView.swift */ = {isa = PBXFileReference; lastKnownFileType = sourcecode.swift; path = MessageView.swift; sourceTree = "<group>"; };
		3CD71231276C25BE0013099E /* CommentModel.swift */ = {isa = PBXFileReference; lastKnownFileType = sourcecode.swift; path = CommentModel.swift; sourceTree = "<group>"; };
		3CD71234276C2F4A0013099E /* BrowseView.swift */ = {isa = PBXFileReference; lastKnownFileType = sourcecode.swift; path = BrowseView.swift; sourceTree = "<group>"; };
		3CD71238276C30430013099E /* CarouselView.swift */ = {isa = PBXFileReference; lastKnownFileType = sourcecode.swift; path = CarouselView.swift; sourceTree = "<group>"; };
		3CD7123C276DB76F0013099E /* ImageGridView.swift */ = {isa = PBXFileReference; lastKnownFileType = sourcecode.swift; path = ImageGridView.swift; sourceTree = "<group>"; };
		3CD71240276DC6740013099E /* UploadView.swift */ = {isa = PBXFileReference; lastKnownFileType = sourcecode.swift; path = UploadView.swift; sourceTree = "<group>"; };
		3CD71243276DCD020013099E /* ImagePicker.swift */ = {isa = PBXFileReference; lastKnownFileType = sourcecode.swift; path = ImagePicker.swift; sourceTree = "<group>"; };
		3CD71246276DEF6C0013099E /* PostImageView.swift */ = {isa = PBXFileReference; lastKnownFileType = sourcecode.swift; path = PostImageView.swift; sourceTree = "<group>"; };
		3CD71249276E870F0013099E /* ProfileView.swift */ = {isa = PBXFileReference; lastKnownFileType = sourcecode.swift; path = ProfileView.swift; sourceTree = "<group>"; };
		3CD7124C276E881D0013099E /* ProfileHeaderView.swift */ = {isa = PBXFileReference; lastKnownFileType = sourcecode.swift; path = ProfileHeaderView.swift; sourceTree = "<group>"; };
		3CD7124F276E9ACA0013099E /* SettingsView.swift */ = {isa = PBXFileReference; lastKnownFileType = sourcecode.swift; path = SettingsView.swift; sourceTree = "<group>"; };
		3CD71252276E9CC00013099E /* SettingsLabelIView.swift */ = {isa = PBXFileReference; lastKnownFileType = sourcecode.swift; path = SettingsLabelIView.swift; sourceTree = "<group>"; };
		3CD71255276E9FE00013099E /* SettingsRowView.swift */ = {isa = PBXFileReference; lastKnownFileType = sourcecode.swift; path = SettingsRowView.swift; sourceTree = "<group>"; };
		3CD71258276EB7610013099E /* SettingEditTextView.swift */ = {isa = PBXFileReference; lastKnownFileType = sourcecode.swift; path = SettingEditTextView.swift; sourceTree = "<group>"; };
		3CD7125B276F1E710013099E /* SettingsEditImageView.swift */ = {isa = PBXFileReference; lastKnownFileType = sourcecode.swift; path = SettingsEditImageView.swift; sourceTree = "<group>"; };
		3CD7125E276F2CCD0013099E /* SignUpView.swift */ = {isa = PBXFileReference; lastKnownFileType = sourcecode.swift; path = SignUpView.swift; sourceTree = "<group>"; };
		3CD71261276F38230013099E /* OnboardingView.swift */ = {isa = PBXFileReference; lastKnownFileType = sourcecode.swift; path = OnboardingView.swift; sourceTree = "<group>"; };
		3CD71264276F3BA60013099E /* SignInWithAppleButtonCustom.swift */ = {isa = PBXFileReference; lastKnownFileType = sourcecode.swift; path = SignInWithAppleButtonCustom.swift; sourceTree = "<group>"; };
		3CD71268277122480013099E /* OnboardingViewPart2.swift */ = {isa = PBXFileReference; lastKnownFileType = sourcecode.swift; path = OnboardingViewPart2.swift; sourceTree = "<group>"; };
/* End PBXFileReference section */

/* Begin PBXFrameworksBuildPhase section */
		3CD711A9276955870013099E /* Frameworks */ = {
			isa = PBXFrameworksBuildPhase;
			buildActionMask = 2147483647;
			files = (
			);
			runOnlyForDeploymentPostprocessing = 0;
		};
/* End PBXFrameworksBuildPhase section */

/* Begin PBXGroup section */
		3CD711A3276955870013099E = {
			isa = PBXGroup;
			children = (
				3CD711AE276955870013099E /* InstagramSwiftUI */,
				3CD711AD276955870013099E /* Products */,
			);
			sourceTree = "<group>";
		};
		3CD711AD276955870013099E /* Products */ = {
			isa = PBXGroup;
			children = (
				3CD711AC276955870013099E /* InstagramSwiftUI.app */,
			);
			name = Products;
			sourceTree = "<group>";
		};
		3CD711AE276955870013099E /* InstagramSwiftUI */ = {
			isa = PBXGroup;
			children = (
				3CD7121E276AAFA60013099E /* Model */,
				3CD711C9276961CD0013099E /* Helpers */,
				3CD711C527695E7D0013099E /* Views */,
				3CD711C127695C750013099E /* LaunchScreen.storyboard */,
				3CD711B3276955920013099E /* Assets.xcassets */,
				3CD711B8276955920013099E /* Info.plist */,
				3CD711B5276955920013099E /* Preview Content */,
			);
			path = InstagramSwiftUI;
			sourceTree = "<group>";
		};
		3CD711B5276955920013099E /* Preview Content */ = {
			isa = PBXGroup;
			children = (
				3CD711B6276955920013099E /* Preview Assets.xcassets */,
			);
			path = "Preview Content";
			sourceTree = "<group>";
		};
		3CD711C527695E7D0013099E /* Views */ = {
			isa = PBXGroup;
			children = (
				3CD711C727695E8D0013099E /* Subviews */,
				3CD711C627695E850013099E /* Screens */,
			);
			path = Views;
			sourceTree = "<group>";
		};
		3CD711C627695E850013099E /* Screens */ = {
			isa = PBXGroup;
			children = (
				3CD71212276AA8B00013099E /* InstagramSwiftUIApp.swift */,
				3CD711B1276955870013099E /* ContentView.swift */,
				3CD71240276DC6740013099E /* UploadView.swift */,
				3CD711CE276962DA0013099E /* FeedView.swift */,
				3CD71227276C1BE10013099E /* CommentsView.swift */,
				3CD7124F276E9ACA0013099E /* SettingsView.swift */,
				3CD71234276C2F4A0013099E /* BrowseView.swift */,
				3CD71246276DEF6C0013099E /* PostImageView.swift */,
				3CD71249276E870F0013099E /* ProfileView.swift */,
				3CD71258276EB7610013099E /* SettingEditTextView.swift */,
				3CD7125B276F1E710013099E /* SettingsEditImageView.swift */,
				3CD7125E276F2CCD0013099E /* SignUpView.swift */,
				3CD71261276F38230013099E /* OnboardingView.swift */,
				3CD71268277122480013099E /* OnboardingViewPart2.swift */,
			);
			path = Screens;
			sourceTree = "<group>";
		};
		3CD711C727695E8D0013099E /* Subviews */ = {
			isa = PBXGroup;
			children = (
				3CD711D2276963C10013099E /* PostView.swift */,
				3CD71255276E9FE00013099E /* SettingsRowView.swift */,
				3CD7122E276C23D50013099E /* MessageView.swift */,
				3CD71238276C30430013099E /* CarouselView.swift */,
				3CD7123C276DB76F0013099E /* ImageGridView.swift */,
				3CD71243276DCD020013099E /* ImagePicker.swift */,
				3CD7124C276E881D0013099E /* ProfileHeaderView.swift */,
				3CD71252276E9CC00013099E /* SettingsLabelIView.swift */,
				3CD71264276F3BA60013099E /* SignInWithAppleButtonCustom.swift */,
			);
			path = Subviews;
			sourceTree = "<group>";
		};
		3CD711C9276961CD0013099E /* Helpers */ = {
			isa = PBXGroup;
			children = (
				3CD711CA276961DC0013099E /* Extensions.swift */,
			);
			path = Helpers;
			sourceTree = "<group>";
		};
		3CD7121E276AAFA60013099E /* Model */ = {
			isa = PBXGroup;
			children = (
				3CD7121F276AAFB30013099E /* PostModel.swift */,
				3CD71224276ABFDD0013099E /* PostArrayObject.swift */,
				3CD71231276C25BE0013099E /* CommentModel.swift */,
			);
			path = Model;
			sourceTree = "<group>";
		};
/* End PBXGroup section */

/* Begin PBXNativeTarget section */
		3CD711AB276955870013099E /* InstagramSwiftUI */ = {
			isa = PBXNativeTarget;
			buildConfigurationList = 3CD711BB276955920013099E /* Build configuration list for PBXNativeTarget "InstagramSwiftUI" */;
			buildPhases = (
				3CD711A8276955870013099E /* Sources */,
				3CD711A9276955870013099E /* Frameworks */,
				3CD711AA276955870013099E /* Resources */,
			);
			buildRules = (
			);
			dependencies = (
			);
			name = InstagramSwiftUI;
			productName = InstagramSwiftUI;
			productReference = 3CD711AC276955870013099E /* InstagramSwiftUI.app */;
			productType = "com.apple.product-type.application";
		};
/* End PBXNativeTarget section */

/* Begin PBXProject section */
		3CD711A4276955870013099E /* Project object */ = {
			isa = PBXProject;
			attributes = {
				LastSwiftUpdateCheck = 1230;
				LastUpgradeCheck = 1230;
				TargetAttributes = {
					3CD711AB276955870013099E = {
						CreatedOnToolsVersion = 12.3;
					};
				};
			};
			buildConfigurationList = 3CD711A7276955870013099E /* Build configuration list for PBXProject "InstagramSwiftUI" */;
			compatibilityVersion = "Xcode 9.3";
			developmentRegion = en;
			hasScannedForEncodings = 0;
			knownRegions = (
				en,
				Base,
			);
			mainGroup = 3CD711A3276955870013099E;
			productRefGroup = 3CD711AD276955870013099E /* Products */;
			projectDirPath = "";
			projectRoot = "";
			targets = (
				3CD711AB276955870013099E /* InstagramSwiftUI */,
			);
		};
/* End PBXProject section */

/* Begin PBXResourcesBuildPhase section */
		3CD711AA276955870013099E /* Resources */ = {
			isa = PBXResourcesBuildPhase;
			buildActionMask = 2147483647;
			files = (
				3CD711C227695C750013099E /* LaunchScreen.storyboard in Resources */,
				3CD711B7276955920013099E /* Preview Assets.xcassets in Resources */,
				3CD711B4276955920013099E /* Assets.xcassets in Resources */,
			);
			runOnlyForDeploymentPostprocessing = 0;
		};
/* End PBXResourcesBuildPhase section */

/* Begin PBXSourcesBuildPhase section */
		3CD711A8276955870013099E /* Sources */ = {
			isa = PBXSourcesBuildPhase;
			buildActionMask = 2147483647;
			files = (
				3CD71259276EB7610013099E /* SettingEditTextView.swift in Sources */,
				3CD71265276F3BA60013099E /* SignInWithAppleButtonCustom.swift in Sources */,
				3CD71253276E9CC00013099E /* SettingsLabelIView.swift in Sources */,
				3CD711CF276962DA0013099E /* FeedView.swift in Sources */,
				3CD71220276AAFB30013099E /* PostModel.swift in Sources */,
				3CD7125F276F2CCE0013099E /* SignUpView.swift in Sources */,
				3CD71247276DEF6D0013099E /* PostImageView.swift in Sources */,
				3CD711B2276955870013099E /* ContentView.swift in Sources */,
				3CD7122F276C23D50013099E /* MessageView.swift in Sources */,
				3CD711CB276961DC0013099E /* Extensions.swift in Sources */,
				3CD71225276ABFDD0013099E /* PostArrayObject.swift in Sources */,
				3CD7123D276DB76F0013099E /* ImageGridView.swift in Sources */,
				3CD711D3276963C10013099E /* PostView.swift in Sources */,
				3CD7124A276E870F0013099E /* ProfileView.swift in Sources */,
				3CD71235276C2F4A0013099E /* BrowseView.swift in Sources */,
				3CD7125C276F1E710013099E /* SettingsEditImageView.swift in Sources */,
				3CD71232276C25BE0013099E /* CommentModel.swift in Sources */,
				3CD71228276C1BE20013099E /* CommentsView.swift in Sources */,
				3CD7124D276E881D0013099E /* ProfileHeaderView.swift in Sources */,
				3CD71262276F38240013099E /* OnboardingView.swift in Sources */,
				3CD71241276DC6760013099E /* UploadView.swift in Sources */,
				3CD71244276DCD020013099E /* ImagePicker.swift in Sources */,
				3CD71239276C30430013099E /* CarouselView.swift in Sources */,
				3CD71213276AA8B00013099E /* InstagramSwiftUIApp.swift in Sources */,
				3CD71250276E9ACA0013099E /* SettingsView.swift in Sources */,
				3CD71269277122490013099E /* OnboardingViewPart2.swift in Sources */,
				3CD71256276E9FE00013099E /* SettingsRowView.swift in Sources */,
			);
			runOnlyForDeploymentPostprocessing = 0;
		};
/* End PBXSourcesBuildPhase section */

/* Begin XCBuildConfiguration section */
		3CD711B9276955920013099E /* Debug */ = {
			isa = XCBuildConfiguration;
			buildSettings = {
				ALWAYS_SEARCH_USER_PATHS = NO;
				CLANG_ANALYZER_NONNULL = YES;
				CLANG_ANALYZER_NUMBER_OBJECT_CONVERSION = YES_AGGRESSIVE;
				CLANG_CXX_LANGUAGE_STANDARD = "gnu++14";
				CLANG_CXX_LIBRARY = "libc++";
				CLANG_ENABLE_MODULES = YES;
				CLANG_ENABLE_OBJC_ARC = YES;
				CLANG_ENABLE_OBJC_WEAK = YES;
				CLANG_WARN_BLOCK_CAPTURE_AUTORELEASING = YES;
				CLANG_WARN_BOOL_CONVERSION = YES;
				CLANG_WARN_COMMA = YES;
				CLANG_WARN_CONSTANT_CONVERSION = YES;
				CLANG_WARN_DEPRECATED_OBJC_IMPLEMENTATIONS = YES;
				CLANG_WARN_DIRECT_OBJC_ISA_USAGE = YES_ERROR;
				CLANG_WARN_DOCUMENTATION_COMMENTS = YES;
				CLANG_WARN_EMPTY_BODY = YES;
				CLANG_WARN_ENUM_CONVERSION = YES;
				CLANG_WARN_INFINITE_RECURSION = YES;
				CLANG_WARN_INT_CONVERSION = YES;
				CLANG_WARN_NON_LITERAL_NULL_CONVERSION = YES;
				CLANG_WARN_OBJC_IMPLICIT_RETAIN_SELF = YES;
				CLANG_WARN_OBJC_LITERAL_CONVERSION = YES;
				CLANG_WARN_OBJC_ROOT_CLASS = YES_ERROR;
				CLANG_WARN_QUOTED_INCLUDE_IN_FRAMEWORK_HEADER = YES;
				CLANG_WARN_RANGE_LOOP_ANALYSIS = YES;
				CLANG_WARN_STRICT_PROTOTYPES = YES;
				CLANG_WARN_SUSPICIOUS_MOVE = YES;
				CLANG_WARN_UNGUARDED_AVAILABILITY = YES_AGGRESSIVE;
				CLANG_WARN_UNREACHABLE_CODE = YES;
				CLANG_WARN__DUPLICATE_METHOD_MATCH = YES;
				COPY_PHASE_STRIP = NO;
				DEBUG_INFORMATION_FORMAT = dwarf;
				ENABLE_STRICT_OBJC_MSGSEND = YES;
				ENABLE_TESTABILITY = YES;
				GCC_C_LANGUAGE_STANDARD = gnu11;
				GCC_DYNAMIC_NO_PIC = NO;
				GCC_NO_COMMON_BLOCKS = YES;
				GCC_OPTIMIZATION_LEVEL = 0;
				GCC_PREPROCESSOR_DEFINITIONS = (
					"DEBUG=1",
					"$(inherited)",
				);
				GCC_WARN_64_TO_32_BIT_CONVERSION = YES;
				GCC_WARN_ABOUT_RETURN_TYPE = YES_ERROR;
				GCC_WARN_UNDECLARED_SELECTOR = YES;
				GCC_WARN_UNINITIALIZED_AUTOS = YES_AGGRESSIVE;
				GCC_WARN_UNUSED_FUNCTION = YES;
				GCC_WARN_UNUSED_VARIABLE = YES;
				IPHONEOS_DEPLOYMENT_TARGET = 14.0;
				MTL_ENABLE_DEBUG_INFO = INCLUDE_SOURCE;
				MTL_FAST_MATH = YES;
				ONLY_ACTIVE_ARCH = YES;
				SDKROOT = iphoneos;
				SWIFT_ACTIVE_COMPILATION_CONDITIONS = DEBUG;
				SWIFT_OPTIMIZATION_LEVEL = "-Onone";
			};
			name = Debug;
		};
		3CD711BA276955920013099E /* Release */ = {
			isa = XCBuildConfiguration;
			buildSettings = {
				ALWAYS_SEARCH_USER_PATHS = NO;
				CLANG_ANALYZER_NONNULL = YES;
				CLANG_ANALYZER_NUMBER_OBJECT_CONVERSION = YES_AGGRESSIVE;
				CLANG_CXX_LANGUAGE_STANDARD = "gnu++14";
				CLANG_CXX_LIBRARY = "libc++";
				CLANG_ENABLE_MODULES = YES;
				CLANG_ENABLE_OBJC_ARC = YES;
				CLANG_ENABLE_OBJC_WEAK = YES;
				CLANG_WARN_BLOCK_CAPTURE_AUTORELEASING = YES;
				CLANG_WARN_BOOL_CONVERSION = YES;
				CLANG_WARN_COMMA = YES;
				CLANG_WARN_CONSTANT_CONVERSION = YES;
				CLANG_WARN_DEPRECATED_OBJC_IMPLEMENTATIONS = YES;
				CLANG_WARN_DIRECT_OBJC_ISA_USAGE = YES_ERROR;
				CLANG_WARN_DOCUMENTATION_COMMENTS = YES;
				CLANG_WARN_EMPTY_BODY = YES;
				CLANG_WARN_ENUM_CONVERSION = YES;
				CLANG_WARN_INFINITE_RECURSION = YES;
				CLANG_WARN_INT_CONVERSION = YES;
				CLANG_WARN_NON_LITERAL_NULL_CONVERSION = YES;
				CLANG_WARN_OBJC_IMPLICIT_RETAIN_SELF = YES;
				CLANG_WARN_OBJC_LITERAL_CONVERSION = YES;
				CLANG_WARN_OBJC_ROOT_CLASS = YES_ERROR;
				CLANG_WARN_QUOTED_INCLUDE_IN_FRAMEWORK_HEADER = YES;
				CLANG_WARN_RANGE_LOOP_ANALYSIS = YES;
				CLANG_WARN_STRICT_PROTOTYPES = YES;
				CLANG_WARN_SUSPICIOUS_MOVE = YES;
				CLANG_WARN_UNGUARDED_AVAILABILITY = YES_AGGRESSIVE;
				CLANG_WARN_UNREACHABLE_CODE = YES;
				CLANG_WARN__DUPLICATE_METHOD_MATCH = YES;
				COPY_PHASE_STRIP = NO;
				DEBUG_INFORMATION_FORMAT = "dwarf-with-dsym";
				ENABLE_NS_ASSERTIONS = NO;
				ENABLE_STRICT_OBJC_MSGSEND = YES;
				GCC_C_LANGUAGE_STANDARD = gnu11;
				GCC_NO_COMMON_BLOCKS = YES;
				GCC_WARN_64_TO_32_BIT_CONVERSION = YES;
				GCC_WARN_ABOUT_RETURN_TYPE = YES_ERROR;
				GCC_WARN_UNDECLARED_SELECTOR = YES;
				GCC_WARN_UNINITIALIZED_AUTOS = YES_AGGRESSIVE;
				GCC_WARN_UNUSED_FUNCTION = YES;
				GCC_WARN_UNUSED_VARIABLE = YES;
				IPHONEOS_DEPLOYMENT_TARGET = 14.0;
				MTL_ENABLE_DEBUG_INFO = NO;
				MTL_FAST_MATH = YES;
				SDKROOT = iphoneos;
				SWIFT_COMPILATION_MODE = wholemodule;
				SWIFT_OPTIMIZATION_LEVEL = "-O";
				VALIDATE_PRODUCT = YES;
			};
			name = Release;
		};
		3CD711BC276955920013099E /* Debug */ = {
			isa = XCBuildConfiguration;
			buildSettings = {
				ASSETCATALOG_COMPILER_APPICON_NAME = AppIcon;
				ASSETCATALOG_COMPILER_GLOBAL_ACCENT_COLOR_NAME = AccentColor;
				CODE_SIGN_STYLE = Automatic;
				DEVELOPMENT_ASSET_PATHS = "\"InstagramSwiftUI/Preview Content\"";
				DEVELOPMENT_TEAM = 2VVNCY5AAT;
				ENABLE_PREVIEWS = YES;
				INFOPLIST_FILE = InstagramSwiftUI/Info.plist;
				IPHONEOS_DEPLOYMENT_TARGET = 14.0;
				LD_RUNPATH_SEARCH_PATHS = (
					"$(inherited)",
					"@executable_path/Frameworks",
				);
				PRODUCT_BUNDLE_IDENTIFIER = com.caleb.InstagramSwiftUI;
				PRODUCT_NAME = "$(TARGET_NAME)";
				SWIFT_VERSION = 5.0;
				TARGETED_DEVICE_FAMILY = 1;
			};
			name = Debug;
		};
		3CD711BD276955920013099E /* Release */ = {
			isa = XCBuildConfiguration;
			buildSettings = {
				ASSETCATALOG_COMPILER_APPICON_NAME = AppIcon;
				ASSETCATALOG_COMPILER_GLOBAL_ACCENT_COLOR_NAME = AccentColor;
				CODE_SIGN_STYLE = Automatic;
				DEVELOPMENT_ASSET_PATHS = "\"InstagramSwiftUI/Preview Content\"";
				DEVELOPMENT_TEAM = 2VVNCY5AAT;
				ENABLE_PREVIEWS = YES;
				INFOPLIST_FILE = InstagramSwiftUI/Info.plist;
				IPHONEOS_DEPLOYMENT_TARGET = 14.0;
				LD_RUNPATH_SEARCH_PATHS = (
					"$(inherited)",
					"@executable_path/Frameworks",
				);
				PRODUCT_BUNDLE_IDENTIFIER = com.caleb.InstagramSwiftUI;
				PRODUCT_NAME = "$(TARGET_NAME)";
				SWIFT_VERSION = 5.0;
				TARGETED_DEVICE_FAMILY = 1;
			};
			name = Release;
		};
/* End XCBuildConfiguration section */

/* Begin XCConfigurationList section */
		3CD711A7276955870013099E /* Build configuration list for PBXProject "InstagramSwiftUI" */ = {
			isa = XCConfigurationList;
			buildConfigurations = (
				3CD711B9276955920013099E /* Debug */,
				3CD711BA276955920013099E /* Release */,
			);
			defaultConfigurationIsVisible = 0;
			defaultConfigurationName = Release;
		};
		3CD711BB276955920013099E /* Build configuration list for PBXNativeTarget "InstagramSwiftUI" */ = {
			isa = XCConfigurationList;
			buildConfigurations = (
				3CD711BC276955920013099E /* Debug */,
				3CD711BD276955920013099E /* Release */,
			);
			defaultConfigurationIsVisible = 0;
			defaultConfigurationName = Release;
		};
/* End XCConfigurationList section */
	};
	rootObject = 3CD711A4276955870013099E /* Project object */;
}
